{
  "nodes": {
    "nixpkgs": {
      "locked": {
        "lastModified": 1776560675,
        "narHash": "sha256-p68udKWWh7+V4ZPpcMDq0gTHWNZJnr4JPI+kHPPE40o=",
        "owner": "nixos",
        "repo": "nixpkgs",
        "rev": "e07580dae39738e46609eaab8b154de2488133ce",
        "type": "github"
      },
      "original": {
        "owner": "nixos",
        "ref": "nixos-25.11",
        "repo": "nixpkgs",
        "type": "github"
      }
    },
    "root": {
      "inputs": {
        "nixpkgs": "nixpkgs"
      }
    }
  },
  "root": "root",
  "version": 7
}
